
Microsoft Visual Studio Solution File, Format Version 12.00
# Visual Studio 15
VisualStudioVersion = 15.0.28307.1000
MinimumVisualStudioVersion = 10.0.40219.1
Project("{9A19103F-16F7-4668-BE54-9A1E7A4F7556}") = "MobileSite", "MobileSite\MobileSite.csproj", "{01AF1B3C-F038-4E82-A606-FD35A069361B}"
EndProject
Project("{9A19103F-16F7-4668-BE54-9A1E7A4F7556}") = "MobileSite.Core", "MobileSite.Core\MobileSite.Core.csproj", "{26FFBD5C-C5A2-4345-A3D7-D9031E576E22}"
EndProject
Project("{9A19103F-16F7-4668-BE54-9A1E7A4F7556}") = "MobileSite.Data", "MobileSite.Data\MobileSite.Data.csproj", "{AA6255C8-B220-4572-A832-B861CE10087E}"
EndProject
Global
	GlobalSection(SolutionConfigurationPlatforms) = preSolution
		Debug|Any CPU = Debug|Any CPU
		Release|Any CPU = Release|Any CPU
	EndGlobalSection
	GlobalSection(ProjectConfigurationPlatforms) = postSolution
		{01AF1B3C-F038-4E82-A606-FD35A069361B}.Debug|Any CPU.ActiveCfg = Debug|Any CPU
		{01AF1B3C-F038-4E82-A606-FD35A069361B}.Debug|Any CPU.Build.0 = Debug|Any CPU
		{01AF1B3C-F038-4E82-A606-FD35A069361B}.Release|Any CPU.ActiveCfg = Release|Any CPU
		{01AF1B3C-F038-4E82-A606-FD35A069361B}.Release|Any CPU.Build.0 = Release|Any CPU
		{26FFBD5C-C5A2-4345-A3D7-D9031E576E22}.Debug|Any CPU.ActiveCfg = Debug|Any CPU
		{26FFBD5C-C5A2-4345-A3D7-D9031E576E22}.Debug|Any CPU.Build.0 = Debug|Any CPU
		{26FFBD5C-C5A2-4345-A3D7-D9031E576E22}.Release|Any CPU.ActiveCfg = Release|Any CPU
		{26FFBD5C-C5A2-4345-A3D7-D9031E576E22}.Release|Any CPU.Build.0 = Release|Any CPU
		{AA6255C8-B220-4572-A832-B861CE10087E}.Debug|Any CPU.ActiveCfg = Debug|Any CPU
		{AA6255C8-B220-4572-A832-B861CE10087E}.Debug|Any CPU.Build.0 = Debug|Any CPU
		{AA6255C8-B220-4572-A832-B861CE10087E}.Release|Any CPU.ActiveCfg = Release|Any CPU
		{AA6255C8-B220-4572-A832-B861CE10087E}.Release|Any CPU.Build.0 = Release|Any CPU
	EndGlobalSection
	GlobalSection(SolutionProperties) = preSolution
		HideSolutionNode = FALSE
	EndGlobalSection
	GlobalSection(ExtensibilityGlobals) = postSolution
		SolutionGuid = {2CDC4FAF-8FCC-42B0-9EDE-29C55BA8CB43}
	EndGlobalSection
EndGlobal
